
Microsoft Visual Studio Solution File, Format Version 12.00
# Visual Studio 15
VisualStudioVersion = 15.0.28010.2050
MinimumVisualStudioVersion = 10.0.40219.1
Project("{FAE04EC0-301F-11D3-BF4B-00C04F79EFBC}") = "TrainerAppDB1", "TrainerAppDB1\TrainerAppDB1.csproj", "{BFC41240-2B82-4856-AF2F-2D102198D585}"
EndProject
Global
	GlobalSection(SolutionConfigurationPlatforms) = preSolution
		Debug|Any CPU = Debug|Any CPU
		Release|Any CPU = Release|Any CPU
	EndGlobalSection
	GlobalSection(ProjectConfigurationPlatforms) = postSolution
		{BFC41240-2B82-4856-AF2F-2D102198D585}.Debug|Any CPU.ActiveCfg = Debug|Any CPU
		{BFC41240-2B82-4856-AF2F-2D102198D585}.Debug|Any CPU.Build.0 = Debug|Any CPU
		{BFC41240-2B82-4856-AF2F-2D102198D585}.Release|Any CPU.ActiveCfg = Release|Any CPU
		{BFC41240-2B82-4856-AF2F-2D102198D585}.Release|Any CPU.Build.0 = Release|Any CPU
	EndGlobalSection
	GlobalSection(SolutionProperties) = preSolution
		HideSolutionNode = FALSE
	EndGlobalSection
	GlobalSection(ExtensibilityGlobals) = postSolution
		SolutionGuid = {B64E4C56-1399-4F36-B755-F8FDAF4C656E}
	EndGlobalSection
EndGlobal
